// !$*UTF8*$!
{
	archiveVersion = 1;
	classes = {
	};
	objectVersion = 46;
	objects = {

/* Begin PBXBuildFile section */
		D40E1ACB1EC0B0A700C8EE95 /* AppDelegate.swift in Sources */ = {isa = PBXBuildFile; fileRef = D40E1ACA1EC0B0A700C8EE95 /* AppDelegate.swift */; };
		D40E1ACD1EC0B0A700C8EE95 /* ViewController.swift in Sources */ = {isa = PBXBuildFile; fileRef = D40E1ACC1EC0B0A700C8EE95 /* ViewController.swift */; };
		D40E1AD01EC0B0A900C8EE95 /* Main.storyboard in Resources */ = {isa = PBXBuildFile; fileRef = D40E1ACE1EC0B0A900C8EE95 /* Main.storyboard */; };
		D40E1AD21EC0B0A900C8EE95 /* Assets.xcassets in Resources */ = {isa = PBXBuildFile; fileRef = D40E1AD11EC0B0A900C8EE95 /* Assets.xcassets */; };
		D40E1AD51EC0B0A900C8EE95 /* LaunchScreen.storyboard in Resources */ = {isa = PBXBuildFile; fileRef = D40E1AD31EC0B0A900C8EE95 /* LaunchScreen.storyboard */; };
		D40E1AE01EC0B0AC00C8EE95 /* CalculatorTests.swift in Sources */ = {isa = PBXBuildFile; fileRef = D40E1ADF1EC0B0AC00C8EE95 /* CalculatorTests.swift */; };
		D40E1AEB1EC0B0AC00C8EE95 /* CalculatorUITests.swift in Sources */ = {isa = PBXBuildFile; fileRef = D40E1AEA1EC0B0AC00C8EE95 /* CalculatorUITests.swift */; };
/* End PBXBuildFile section */

/* Begin PBXContainerItemProxy section */
		D40E1ADC1EC0B0AB00C8EE95 /* PBXContainerItemProxy */ = {
			isa = PBXContainerItemProxy;
			containerPortal = D40E1ABF1EC0B09D00C8EE95 /* Project object */;
			proxyType = 1;
			remoteGlobalIDString = D40E1AC61EC0B09D00C8EE95;
			remoteInfo = Calculator;
		};
		D40E1AE71EC0B0AC00C8EE95 /* PBXContainerItemProxy */ = {
			isa = PBXContainerItemProxy;
			containerPortal = D40E1ABF1EC0B09D00C8EE95 /* Project object */;
			proxyType = 1;
			remoteGlobalIDString = D40E1AC61EC0B09D00C8EE95;
			remoteInfo = Calculator;
		};
/* End PBXContainerItemProxy section */

/* Begin PBXFileReference section */
		D40E1AC71EC0B0A600C8EE95 /* Calculator.app */ = {isa = PBXFileReference; explicitFileType = wrapper.application; includeInIndex = 0; path = Calculator.app; sourceTree = BUILT_PRODUCTS_DIR; };
		D40E1ACA1EC0B0A700C8EE95 /* AppDelegate.swift */ = {isa = PBXFileReference; lastKnownFileType = sourcecode.swift; path = AppDelegate.swift; sourceTree = "<group>"; };
		D40E1ACC1EC0B0A700C8EE95 /* ViewController.swift */ = {isa = PBXFileReference; lastKnownFileType = sourcecode.swift; path = ViewController.swift; sourceTree = "<group>"; };
		D40E1ACF1EC0B0A900C8EE95 /* Base */ = {isa = PBXFileReference; lastKnownFileType = file.storyboard; name = Base; path = Base.lproj/Main.storyboard; sourceTree = "<group>"; };
		D40E1AD11EC0B0A900C8EE95 /* Assets.xcassets */ = {isa = PBXFileReference; lastKnownFileType = folder.assetcatalog; path = Assets.xcassets; sourceTree = "<group>"; };
		D40E1AD41EC0B0A900C8EE95 /* Base */ = {isa = PBXFileReference; lastKnownFileType = file.storyboard; name = Base; path = Base.lproj/LaunchScreen.storyboard; sourceTree = "<group>"; };
		D40E1AD61EC0B0A900C8EE95 /* Info.plist */ = {isa = PBXFileReference; lastKnownFileType = text.plist.xml; path = Info.plist; sourceTree = "<group>"; };
		D40E1ADB1EC0B0AB00C8EE95 /* CalculatorTests.xctest */ = {isa = PBXFileReference; explicitFileType = wrapper.cfbundle; includeInIndex = 0; path = CalculatorTests.xctest; sourceTree = BUILT_PRODUCTS_DIR; };
		D40E1ADF1EC0B0AC00C8EE95 /* CalculatorTests.swift */ = {isa = PBXFileReference; lastKnownFileType = sourcecode.swift; path = CalculatorTests.swift; sourceTree = "<group>"; };
		D40E1AE11EC0B0AC00C8EE95 /* Info.plist */ = {isa = PBXFileReference; lastKnownFileType = text.plist.xml; path = Info.plist; sourceTree = "<group>"; };
		D40E1AE61EC0B0AC00C8EE95 /* CalculatorUITests.xctest */ = {isa = PBXFileReference; explicitFileType = wrapper.cfbundle; includeInIndex = 0; path = CalculatorUITests.xctest; sourceTree = BUILT_PRODUCTS_DIR; };
		D40E1AEA1EC0B0AC00C8EE95 /* CalculatorUITests.swift */ = {isa = PBXFileReference; lastKnownFileType = sourcecode.swift; path = CalculatorUITests.swift; sourceTree = "<group>"; };
		D40E1AEC1EC0B0AD00C8EE95 /* Info.plist */ = {isa = PBXFileReference; lastKnownFileType = text.plist.xml; path = Info.plist; sourceTree = "<group>"; };
/* End PBXFileReference section */

/* Begin PBXFrameworksBuildPhase section */
		D40E1AC41EC0B09D00C8EE95 /* Frameworks */ = {
			isa = PBXFrameworksBuildPhase;
			buildActionMask = 2147483647;
			files = (
			);
			runOnlyForDeploymentPostprocessing = 0;
		};
		D40E1AD81EC0B0AB00C8EE95 /* Frameworks */ = {
			isa = PBXFrameworksBuildPhase;
			buildActionMask = 2147483647;
			files = (
			);
			runOnlyForDeploymentPostprocessing = 0;
		};
		D40E1AE31EC0B0AC00C8EE95 /* Frameworks */ = {
			isa = PBXFrameworksBuildPhase;
			buildActionMask = 2147483647;
			files = (
			);
			runOnlyForDeploymentPostprocessing = 0;
		};
/* End PBXFrameworksBuildPhase section */

/* Begin PBXGroup section */
		D40E1ABE1EC0B09C00C8EE95 = {
			isa = PBXGroup;
			children = (
				D40E1AC91EC0B0A600C8EE95 /* Calculator */,
				D40E1ADE1EC0B0AB00C8EE95 /* CalculatorTests */,
				D40E1AE91EC0B0AC00C8EE95 /* CalculatorUITests */,
				D40E1AC81EC0B0A600C8EE95 /* Products */,
			);
			sourceTree = "<group>";
		};
		D40E1AC81EC0B0A600C8EE95 /* Products */ = {
			isa = PBXGroup;
			children = (
				D40E1AC71EC0B0A600C8EE95 /* Calculator.app */,
				D40E1ADB1EC0B0AB00C8EE95 /* CalculatorTests.xctest */,
				D40E1AE61EC0B0AC00C8EE95 /* CalculatorUITests.xctest */,
			);
			name = Products;
			sourceTree = "<group>";
		};
		D40E1AC91EC0B0A600C8EE95 /* Calculator */ = {
			isa = PBXGroup;
			children = (
				D40E1ACA1EC0B0A700C8EE95 /* AppDelegate.swift */,
				D40E1ACC1EC0B0A700C8EE95 /* ViewController.swift */,
				D40E1ACE1EC0B0A900C8EE95 /* Main.storyboard */,
				D40E1AD11EC0B0A900C8EE95 /* Assets.xcassets */,
				D40E1AD31EC0B0A900C8EE95 /* LaunchScreen.storyboard */,
				D40E1AD61EC0B0A900C8EE95 /* Info.plist */,
			);
			path = Calculator;
			sourceTree = "<group>";
		};
		D40E1ADE1EC0B0AB00C8EE95 /* CalculatorTests */ = {
			isa = PBXGroup;
			children = (
				D40E1ADF1EC0B0AC00C8EE95 /* CalculatorTests.swift */,
				D40E1AE11EC0B0AC00C8EE95 /* Info.plist */,
			);
			path = CalculatorTests;
			sourceTree = "<group>";
		};
		D40E1AE91EC0B0AC00C8EE95 /* CalculatorUITests */ = {
			isa = PBXGroup;
			children = (
				D40E1AEA1EC0B0AC00C8EE95 /* CalculatorUITests.swift */,
				D40E1AEC1EC0B0AD00C8EE95 /* Info.plist */,
			);
			path = CalculatorUITests;
			sourceTree = "<group>";
		};
/* End PBXGroup section */

/* Begin PBXNativeTarget section */
		D40E1AC61EC0B09D00C8EE95 /* Calculator */ = {
			isa = PBXNativeTarget;
			buildConfigurationList = D40E1AEF1EC0B0AD00C8EE95 /* Build configuration list for PBXNativeTarget "Calculator" */;
			buildPhases = (
				D40E1AC31EC0B09D00C8EE95 /* Sources */,
				D40E1AC41EC0B09D00C8EE95 /* Frameworks */,
				D40E1AC51EC0B09D00C8EE95 /* Resources */,
			);
			buildRules = (
			);
			dependencies = (
			);
			name = Calculator;
			productName = Calculator;
			productReference = D40E1AC71EC0B0A600C8EE95 /* Calculator.app */;
			productType = "com.apple.product-type.application";
		};
		D40E1ADA1EC0B0AB00C8EE95 /* CalculatorTests */ = {
			isa = PBXNativeTarget;
			buildConfigurationList = D40E1AF21EC0B0AD00C8EE95 /* Build configuration list for PBXNativeTarget "CalculatorTests" */;
			buildPhases = (
				D40E1AD71EC0B0AB00C8EE95 /* Sources */,
				D40E1AD81EC0B0AB00C8EE95 /* Frameworks */,
				D40E1AD91EC0B0AB00C8EE95 /* Resources */,
			);
			buildRules = (
			);
			dependencies = (
				D40E1ADD1EC0B0AB00C8EE95 /* PBXTargetDependency */,
			);
			name = CalculatorTests;
			productName = CalculatorTests;
			productReference = D40E1ADB1EC0B0AB00C8EE95 /* CalculatorTests.xctest */;
			productType = "com.apple.product-type.bundle.unit-test";
		};
		D40E1AE51EC0B0AC00C8EE95 /* CalculatorUITests */ = {
			isa = PBXNativeTarget;
			buildConfigurationList = D40E1AF51EC0B0AD00C8EE95 /* Build configuration list for PBXNativeTarget "CalculatorUITests" */;
			buildPhases = (
				D40E1AE21EC0B0AC00C8EE95 /* Sources */,
				D40E1AE31EC0B0AC00C8EE95 /* Frameworks */,
				D40E1AE41EC0B0AC00C8EE95 /* Resources */,
			);
			buildRules = (
			);
			dependencies = (
				D40E1AE81EC0B0AC00C8EE95 /* PBXTargetDependency */,
			);
			name = CalculatorUITests;
			productName = CalculatorUITests;
			productReference = D40E1AE61EC0B0AC00C8EE95 /* CalculatorUITests.xctest */;
			productType = "com.apple.product-type.bundle.ui-testing";
		};
/* End PBXNativeTarget section */

/* Begin PBXProject section */
		D40E1ABF1EC0B09D00C8EE95 /* Project object */ = {
			isa = PBXProject;
			attributes = {
				LastSwiftUpdateCheck = 0820;
				LastUpgradeCheck = 0820;
				ORGANIZATIONNAME = caotiejun;
				TargetAttributes = {
					D40E1AC61EC0B09D00C8EE95 = {
						CreatedOnToolsVersion = 8.2;
						DevelopmentTeam = 579CVQMYL7;
						ProvisioningStyle = Automatic;
					};
					D40E1ADA1EC0B0AB00C8EE95 = {
						CreatedOnToolsVersion = 8.2;
						DevelopmentTeam = 579CVQMYL7;
						ProvisioningStyle = Automatic;
						TestTargetID = D40E1AC61EC0B09D00C8EE95;
					};
					D40E1AE51EC0B0AC00C8EE95 = {
						CreatedOnToolsVersion = 8.2;
						DevelopmentTeam = 579CVQMYL7;
						ProvisioningStyle = Automatic;
						TestTargetID = D40E1AC61EC0B09D00C8EE95;
					};
				};
			};
			buildConfigurationList = D40E1AC21EC0B09D00C8EE95 /* Build configuration list for PBXProject "Calculator" */;
			compatibilityVersion = "Xcode 3.2";
			developmentRegion = English;
			hasScannedForEncodings = 0;
			knownRegions = (
				en,
				Base,
			);
			mainGroup = D40E1ABE1EC0B09C00C8EE95;
			productRefGroup = D40E1AC81EC0B0A600C8EE95 /* Products */;
			projectDirPath = "";
			projectRoot = "";
			targets = (
				D40E1AC61EC0B09D00C8EE95 /* Calculator */,
				D40E1ADA1EC0B0AB00C8EE95 /* CalculatorTests */,
				D40E1AE51EC0B0AC00C8EE95 /* CalculatorUITests */,
			);
		};
/* End PBXProject section */

/* Begin PBXResourcesBuildPhase section */
		D40E1AC51EC0B09D00C8EE95 /* Resources */ = {
			isa = PBXResourcesBuildPhase;
			buildActionMask = 2147483647;
			files = (
				D40E1AD51EC0B0A900C8EE95 /* LaunchScreen.storyboard in Resources */,
				D40E1AD21EC0B0A900C8EE95 /* Assets.xcassets in Resources */,
				D40E1AD01EC0B0A900C8EE95 /* Main.storyboard in Resources */,
			);
			runOnlyForDeploymentPostprocessing = 0;
		};
		D40E1AD91EC0B0AB00C8EE95 /* Resources */ = {
			isa = PBXResourcesBuildPhase;
			buildActionMask = 2147483647;
			files = (
			);
			runOnlyForDeploymentPostprocessing = 0;
		};
		D40E1AE41EC0B0AC00C8EE95 /* Resources */ = {
			isa = PBXResourcesBuildPhase;
			buildActionMask = 2147483647;
			files = (
			);
			runOnlyForDeploymentPostprocessing = 0;
		};
/* End PBXResourcesBuildPhase section */

/* Begin PBXSourcesBuildPhase section */
		D40E1AC31EC0B09D00C8EE95 /* Sources */ = {
			isa = PBXSourcesBuildPhase;
			buildActionMask = 2147483647;
			files = (
				D40E1ACD1EC0B0A700C8EE95 /* ViewController.swift in Sources */,
				D40E1ACB1EC0B0A700C8EE95 /* AppDelegate.swift in Sources */,
			);
			runOnlyForDeploymentPostprocessing = 0;
		};
		D40E1AD71EC0B0AB00C8EE95 /* Sources */ = {
			isa = PBXSourcesBuildPhase;
			buildActionMask = 2147483647;
			files = (
				D40E1AE01EC0B0AC00C8EE95 /* CalculatorTests.swift in Sources */,
			);
			runOnlyForDeploymentPostprocessing = 0;
		};
		D40E1AE21EC0B0AC00C8EE95 /* Sources */ = {
			isa = PBXSourcesBuildPhase;
			buildActionMask = 2147483647;
			files = (
				D40E1AEB1EC0B0AC00C8EE95 /* CalculatorUITests.swift in Sources */,
			);
			runOnlyForDeploymentPostprocessing = 0;
		};
/* End PBXSourcesBuildPhase section */

/* Begin PBXTargetDependency section */
		D40E1ADD1EC0B0AB00C8EE95 /* PBXTargetDependency */ = {
			isa = PBXTargetDependency;
			target = D40E1AC61EC0B09D00C8EE95 /* Calculator */;
			targetProxy = D40E1ADC1EC0B0AB00C8EE95 /* PBXContainerItemProxy */;
		};
		D40E1AE81EC0B0AC00C8EE95 /* PBXTargetDependency */ = {
			isa = PBXTargetDependency;
			target = D40E1AC61EC0B09D00C8EE95 /* Calculator */;
			targetProxy = D40E1AE71EC0B0AC00C8EE95 /* PBXContainerItemProxy */;
		};
/* End PBXTargetDependency section */

/* Begin PBXVariantGroup section */
		D40E1ACE1EC0B0A900C8EE95 /* Main.storyboard */ = {
			isa = PBXVariantGroup;
			children = (
				D40E1ACF1EC0B0A900C8EE95 /* Base */,
			);
			name = Main.storyboard;
			sourceTree = "<group>";
		};
		D40E1AD31EC0B0A900C8EE95 /* LaunchScreen.storyboard */ = {
			isa = PBXVariantGroup;
			children = (
				D40E1AD41EC0B0A900C8EE95 /* Base */,
			);
			name = LaunchScreen.storyboard;
			sourceTree = "<group>";
		};
/* End PBXVariantGroup section */

/* Begin XCBuildConfiguration section */
		D40E1AED1EC0B0AD00C8EE95 /* Debug */ = {
			isa = XCBuildConfiguration;
			buildSettings = {
				ALWAYS_SEARCH_USER_PATHS = NO;
				CLANG_ANALYZER_NONNULL = YES;
				CLANG_CXX_LANGUAGE_STANDARD = "gnu++0x";
				CLANG_CXX_LIBRARY = "libc++";
				CLANG_ENABLE_MODULES = YES;
				CLANG_ENABLE_OBJC_ARC = YES;
				CLANG_WARN_BOOL_CONVERSION = YES;
				CLANG_WARN_CONSTANT_CONVERSION = YES;
				CLANG_WARN_DIRECT_OBJC_ISA_USAGE = YES_ERROR;
				CLANG_WARN_DOCUMENTATION_COMMENTS = YES;
				CLANG_WARN_EMPTY_BODY = YES;
				CLANG_WARN_ENUM_CONVERSION = YES;
				CLANG_WARN_INFINITE_RECURSION = YES;
				CLANG_WARN_INT_CONVERSION = YES;
				CLANG_WARN_OBJC_ROOT_CLASS = YES_ERROR;
				CLANG_WARN_SUSPICIOUS_MOVE = YES;
				CLANG_WARN_UNREACHABLE_CODE = YES;
				CLANG_WARN__DUPLICATE_METHOD_MATCH = YES;
				"CODE_SIGN_IDENTITY[sdk=iphoneos*]" = "iPhone Developer";
				COPY_PHASE_STRIP = NO;
				DEBUG_INFORMATION_FORMAT = dwarf;
				ENABLE_STRICT_OBJC_MSGSEND = YES;
				ENABLE_TESTABILITY = YES;
				GCC_C_LANGUAGE_STANDARD = gnu99;
				GCC_DYNAMIC_NO_PIC = NO;
				GCC_NO_COMMON_BLOCKS = YES;
				GCC_OPTIMIZATION_LEVEL = 0;
				GCC_PREPROCESSOR_DEFINITIONS = (
					"DEBUG=1",
					"$(inherited)",
				);
				GCC_WARN_64_TO_32_BIT_CONVERSION = YES;
				GCC_WARN_ABOUT_RETURN_TYPE = YES_ERROR;
				GCC_WARN_UNDECLARED_SELECTOR = YES;
				GCC_WARN_UNINITIALIZED_AUTOS = YES_AGGRESSIVE;
				GCC_WARN_UNUSED_FUNCTION = YES;
				GCC_WARN_UNUSED_VARIABLE = YES;
				IPHONEOS_DEPLOYMENT_TARGET = 10.2;
				MTL_ENABLE_DEBUG_INFO = YES;
				ONLY_ACTIVE_ARCH = YES;
				SDKROOT = iphoneos;
				SWIFT_ACTIVE_COMPILATION_CONDITIONS = DEBUG;
				SWIFT_OPTIMIZATION_LEVEL = "-Onone";
				TARGETED_DEVICE_FAMILY = "1,2";
			};
			name = Debug;
		};
		D40E1AEE1EC0B0AD00C8EE95 /* Release */ = {
			isa = XCBuildConfiguration;
			buildSettings = {
				ALWAYS_SEARCH_USER_PATHS = NO;
				CLANG_ANALYZER_NONNULL = YES;
				CLANG_CXX_LANGUAGE_STANDARD = "gnu++0x";
				CLANG_CXX_LIBRARY = "libc++";
				CLANG_ENABLE_MODULES = YES;
				CLANG_ENABLE_OBJC_ARC = YES;
				CLANG_WARN_BOOL_CONVERSION = YES;
				CLANG_WARN_CONSTANT_CONVERSION = YES;
				CLANG_WARN_DIRECT_OBJC_ISA_USAGE = YES_ERROR;
				CLANG_WARN_DOCUMENTATION_COMMENTS = YES;
				CLANG_WARN_EMPTY_BODY = YES;
				CLANG_WARN_ENUM_CONVERSION = YES;
				CLANG_WARN_INFINITE_RECURSION = YES;
				CLANG_WARN_INT_CONVERSION = YES;
				CLANG_WARN_OBJC_ROOT_CLASS = YES_ERROR;
				CLANG_WARN_SUSPICIOUS_MOVE = YES;
				CLANG_WARN_UNREACHABLE_CODE = YES;
				CLANG_WARN__DUPLICATE_METHOD_MATCH = YES;
				"CODE_SIGN_IDENTITY[sdk=iphoneos*]" = "iPhone Developer";
				COPY_PHASE_STRIP = NO;
				DEBUG_INFORMATION_FORMAT = "dwarf-with-dsym";
				ENABLE_NS_ASSERTIONS = NO;
				ENABLE_STRICT_OBJC_MSGSEND = YES;
				GCC_C_LANGUAGE_STANDARD = gnu99;
				GCC_NO_COMMON_BLOCKS = YES;
				GCC_WARN_64_TO_32_BIT_CONVERSION = YES;
				GCC_WARN_ABOUT_RETURN_TYPE = YES_ERROR;
				GCC_WARN_UNDECLARED_SELECTOR = YES;
				GCC_WARN_UNINITIALIZED_AUTOS = YES_AGGRESSIVE;
				GCC_WARN_UNUSED_FUNCTION = YES;
				GCC_WARN_UNUSED_VARIABLE = YES;
				IPHONEOS_DEPLOYMENT_TARGET = 10.2;
				MTL_ENABLE_DEBUG_INFO = NO;
				SDKROOT = iphoneos;
				SWIFT_OPTIMIZATION_LEVEL = "-Owholemodule";
				TARGETED_DEVICE_FAMILY = "1,2";
				VALIDATE_PRODUCT = YES;
			};
			name = Release;
		};
		D40E1AF01EC0B0AD00C8EE95 /* Debug */ = {
			isa = XCBuildConfiguration;
			buildSettings = {
				ASSETCATALOG_COMPILER_APPICON_NAME = AppIcon;
				DEVELOPMENT_TEAM = 579CVQMYL7;
				INFOPLIST_FILE = Calculator/Info.plist;
				LD_RUNPATH_SEARCH_PATHS = "$(inherited) @executable_path/Frameworks";
				PRODUCT_BUNDLE_IDENTIFIER = net.zuoyin.Calculator;
				PRODUCT_NAME = "$(TARGET_NAME)";
				SWIFT_VERSION = 3.0;
			};
			name = Debug;
		};
		D40E1AF11EC0B0AD00C8EE95 /* Release */ = {
			isa = XCBuildConfiguration;
			buildSettings = {
				ASSETCATALOG_COMPILER_APPICON_NAME = AppIcon;
				DEVELOPMENT_TEAM = 579CVQMYL7;
				INFOPLIST_FILE = Calculator/Info.plist;
				LD_RUNPATH_SEARCH_PATHS = "$(inherited) @executable_path/Frameworks";
				PRODUCT_BUNDLE_IDENTIFIER = net.zuoyin.Calculator;
				PRODUCT_NAME = "$(TARGET_NAME)";
				SWIFT_VERSION = 3.0;
			};
			name = Release;
		};
		D40E1AF31EC0B0AD00C8EE95 /* Debug */ = {
			isa = XCBuildConfiguration;
			buildSettings = {
				ALWAYS_EMBED_SWIFT_STANDARD_LIBRARIES = YES;
				BUNDLE_LOADER = "$(TEST_HOST)";
				DEVELOPMENT_TEAM = 579CVQMYL7;
				INFOPLIST_FILE = CalculatorTests/Info.plist;
				LD_RUNPATH_SEARCH_PATHS = "$(inherited) @executable_path/Frameworks @loader_path/Frameworks";
				PRODUCT_BUNDLE_IDENTIFIER = net.zuoyin.CalculatorTests;
				PRODUCT_NAME = "$(TARGET_NAME)";
				SWIFT_VERSION = 3.0;
				TEST_HOST = "$(BUILT_PRODUCTS_DIR)/Calculator.app/Calculator";
			};
			name = Debug;
		};
		D40E1AF41EC0B0AD00C8EE95 /* Release */ = {
			isa = XCBuildConfiguration;
			buildSettings = {
				ALWAYS_EMBED_SWIFT_STANDARD_LIBRARIES = YES;
				BUNDLE_LOADER = "$(TEST_HOST)";
				DEVELOPMENT_TEAM = 579CVQMYL7;
				INFOPLIST_FILE = CalculatorTests/Info.plist;
				LD_RUNPATH_SEARCH_PATHS = "$(inherited) @executable_path/Frameworks @loader_path/Frameworks";
				PRODUCT_BUNDLE_IDENTIFIER = net.zuoyin.CalculatorTests;
				PRODUCT_NAME = "$(TARGET_NAME)";
				SWIFT_VERSION = 3.0;
				TEST_HOST = "$(BUILT_PRODUCTS_DIR)/Calculator.app/Calculator";
			};
			name = Release;
		};
		D40E1AF61EC0B0AD00C8EE95 /* Debug */ = {
			isa = XCBuildConfiguration;
			buildSettings = {
				ALWAYS_EMBED_SWIFT_STANDARD_LIBRARIES = YES;
				DEVELOPMENT_TEAM = 579CVQMYL7;
				INFOPLIST_FILE = CalculatorUITests/Info.plist;
				LD_RUNPATH_SEARCH_PATHS = "$(inherited) @executable_path/Frameworks @loader_path/Frameworks";
				PRODUCT_BUNDLE_IDENTIFIER = net.zuoyin.CalculatorUITests;
				PRODUCT_NAME = "$(TARGET_NAME)";
				SWIFT_VERSION = 3.0;
				TEST_TARGET_NAME = Calculator;
			};
			name = Debug;
		};
		D40E1AF71EC0B0AD00C8EE95 /* Release */ = {
			isa = XCBuildConfiguration;
			buildSettings = {
				ALWAYS_EMBED_SWIFT_STANDARD_LIBRARIES = YES;
				DEVELOPMENT_TEAM = 579CVQMYL7;
				INFOPLIST_FILE = CalculatorUITests/Info.plist;
				LD_RUNPATH_SEARCH_PATHS = "$(inherited) @executable_path/Frameworks @loader_path/Frameworks";
				PRODUCT_BUNDLE_IDENTIFIER = net.zuoyin.CalculatorUITests;
				PRODUCT_NAME = "$(TARGET_NAME)";
				SWIFT_VERSION = 3.0;
				TEST_TARGET_NAME = Calculator;
			};
			name = Release;
		};
/* End XCBuildConfiguration section */

/* Begin XCConfigurationList section */
		D40E1AC21EC0B09D00C8EE95 /* Build configuration list for PBXProject "Calculator" */ = {
			isa = XCConfigurationList;
			buildConfigurations = (
				D40E1AED1EC0B0AD00C8EE95 /* Debug */,
				D40E1AEE1EC0B0AD00C8EE95 /* Release */,
			);
			defaultConfigurationIsVisible = 0;
			defaultConfigurationName = Release;
		};
		D40E1AEF1EC0B0AD00C8EE95 /* Build configuration list for PBXNativeTarget "Calculator" */ = {
			isa = XCConfigurationList;
			buildConfigurations = (
				D40E1AF01EC0B0AD00C8EE95 /* Debug */,
				D40E1AF11EC0B0AD00C8EE95 /* Release */,
			);
			defaultConfigurationIsVisible = 0;
		};
		D40E1AF21EC0B0AD00C8EE95 /* Build configuration list for PBXNativeTarget "CalculatorTests" */ = {
			isa = XCConfigurationList;
			buildConfigurations = (
				D40E1AF31EC0B0AD00C8EE95 /* Debug */,
				D40E1AF41EC0B0AD00C8EE95 /* Release */,
			);
			defaultConfigurationIsVisible = 0;
		};
		D40E1AF51EC0B0AD00C8EE95 /* Build configuration list for PBXNativeTarget "CalculatorUITests" */ = {
			isa = XCConfigurationList;
			buildConfigurations = (
				D40E1AF61EC0B0AD00C8EE95 /* Debug */,
				D40E1AF71EC0B0AD00C8EE95 /* Release */,
			);
			defaultConfigurationIsVisible = 0;
		};
/* End XCConfigurationList section */
	};
	rootObject = D40E1ABF1EC0B09D00C8EE95 /* Project object */;
}
